
Microsoft Visual Studio Solution File, Format Version 12.00
# Visual Studio Version 16
VisualStudioVersion = 16.0.31729.503
MinimumVisualStudioVersion = 10.0.40219.1
Project("{FAE04EC0-301F-11D3-BF4B-00C04F79EFBC}") = "BibliotecaClases", "Ubu_Secrets\BibliotecaClases.csproj", "{3DC8CF07-AE95-4C7D-8B9F-6D2D1374F654}"
EndProject
Project("{FAE04EC0-301F-11D3-BF4B-00C04F79EFBC}") = "Data", "Data\Data.csproj", "{76F52D35-BC8B-43CC-BC63-758FF6178659}"
EndProject
Project("{FAE04EC0-301F-11D3-BF4B-00C04F79EFBC}") = "Interfaces", "Interfaces\Interfaces.csproj", "{D03CECBD-707B-481E-AFA0-A5FB5350EB4D}"
EndProject
Project("{FAE04EC0-301F-11D3-BF4B-00C04F79EFBC}") = "BibliotecaClasesTests", "BibliotecaClasesTests\BibliotecaClasesTests.csproj", "{F403B1F9-E081-4155-8E75-14DA3E0A1D61}"
EndProject
Global
	GlobalSection(SolutionConfigurationPlatforms) = preSolution
		Debug|Any CPU = Debug|Any CPU
		Release|Any CPU = Release|Any CPU
	EndGlobalSection
	GlobalSection(ProjectConfigurationPlatforms) = postSolution
		{3DC8CF07-AE95-4C7D-8B9F-6D2D1374F654}.Debug|Any CPU.ActiveCfg = Debug|Any CPU
		{3DC8CF07-AE95-4C7D-8B9F-6D2D1374F654}.Debug|Any CPU.Build.0 = Debug|Any CPU
		{3DC8CF07-AE95-4C7D-8B9F-6D2D1374F654}.Release|Any CPU.ActiveCfg = Release|Any CPU
		{3DC8CF07-AE95-4C7D-8B9F-6D2D1374F654}.Release|Any CPU.Build.0 = Release|Any CPU
		{76F52D35-BC8B-43CC-BC63-758FF6178659}.Debug|Any CPU.ActiveCfg = Debug|Any CPU
		{76F52D35-BC8B-43CC-BC63-758FF6178659}.Debug|Any CPU.Build.0 = Debug|Any CPU
		{76F52D35-BC8B-43CC-BC63-758FF6178659}.Release|Any CPU.ActiveCfg = Release|Any CPU
		{76F52D35-BC8B-43CC-BC63-758FF6178659}.Release|Any CPU.Build.0 = Release|Any CPU
		{D03CECBD-707B-481E-AFA0-A5FB5350EB4D}.Debug|Any CPU.ActiveCfg = Debug|Any CPU
		{D03CECBD-707B-481E-AFA0-A5FB5350EB4D}.Debug|Any CPU.Build.0 = Debug|Any CPU
		{D03CECBD-707B-481E-AFA0-A5FB5350EB4D}.Release|Any CPU.ActiveCfg = Release|Any CPU
		{D03CECBD-707B-481E-AFA0-A5FB5350EB4D}.Release|Any CPU.Build.0 = Release|Any CPU
		{F403B1F9-E081-4155-8E75-14DA3E0A1D61}.Debug|Any CPU.ActiveCfg = Debug|Any CPU
		{F403B1F9-E081-4155-8E75-14DA3E0A1D61}.Debug|Any CPU.Build.0 = Debug|Any CPU
		{F403B1F9-E081-4155-8E75-14DA3E0A1D61}.Release|Any CPU.ActiveCfg = Release|Any CPU
		{F403B1F9-E081-4155-8E75-14DA3E0A1D61}.Release|Any CPU.Build.0 = Release|Any CPU
	EndGlobalSection
	GlobalSection(SolutionProperties) = preSolution
		HideSolutionNode = FALSE
	EndGlobalSection
	GlobalSection(ExtensibilityGlobals) = postSolution
		SolutionGuid = {249AB818-3D2E-4F5A-A555-42F55C376A4C}
	EndGlobalSection
EndGlobal
