
Microsoft Visual Studio Solution File, Format Version 12.00
# Visual Studio Version 16
VisualStudioVersion = 16.0.31729.503
MinimumVisualStudioVersion = 10.0.40219.1
Project("{FAE04EC0-301F-11D3-BF4B-00C04F79EFBC}") = "www", "www\www.csproj", "{7F5E1A4E-1A02-447D-B5C5-15D1EC0A62A8}"
EndProject
Project("{FAE04EC0-301F-11D3-BF4B-00C04F79EFBC}") = "BibliotecaClases", "BibliotecaClases\BibliotecaClases.csproj", "{5973D8B8-BD7A-4CF3-8499-047C9321C7FF}"
EndProject
Project("{FAE04EC0-301F-11D3-BF4B-00C04F79EFBC}") = "BibliotecaClasesTests", "BibliotecaClasesTests1\BibliotecaClasesTests.csproj", "{7C6BD02C-8DF9-4BE1-9F78-2F2288B7DD0E}"
EndProject
Project("{FAE04EC0-301F-11D3-BF4B-00C04F79EFBC}") = "Data", "Data\Data.csproj", "{DAAB39D7-1D14-4038-A4E8-16F2BD14FCAE}"
EndProject
Project("{FAE04EC0-301F-11D3-BF4B-00C04F79EFBC}") = "Interfaces", "Interfaces\Interfaces.csproj", "{28EA6BFB-D9B3-4867-BB9F-518EC8819351}"
EndProject
Project("{FAE04EC0-301F-11D3-BF4B-00C04F79EFBC}") = "DataTests", "DataTests\DataTests.csproj", "{24BCCEE8-9E17-4EC2-8404-763459187BA1}"
EndProject
Global
	GlobalSection(SolutionConfigurationPlatforms) = preSolution
		Debug|Any CPU = Debug|Any CPU
		Release|Any CPU = Release|Any CPU
	EndGlobalSection
	GlobalSection(ProjectConfigurationPlatforms) = postSolution
		{7F5E1A4E-1A02-447D-B5C5-15D1EC0A62A8}.Debug|Any CPU.ActiveCfg = Debug|Any CPU
		{7F5E1A4E-1A02-447D-B5C5-15D1EC0A62A8}.Debug|Any CPU.Build.0 = Debug|Any CPU
		{7F5E1A4E-1A02-447D-B5C5-15D1EC0A62A8}.Release|Any CPU.ActiveCfg = Release|Any CPU
		{7F5E1A4E-1A02-447D-B5C5-15D1EC0A62A8}.Release|Any CPU.Build.0 = Release|Any CPU
		{5973D8B8-BD7A-4CF3-8499-047C9321C7FF}.Debug|Any CPU.ActiveCfg = Debug|Any CPU
		{5973D8B8-BD7A-4CF3-8499-047C9321C7FF}.Debug|Any CPU.Build.0 = Debug|Any CPU
		{5973D8B8-BD7A-4CF3-8499-047C9321C7FF}.Release|Any CPU.ActiveCfg = Release|Any CPU
		{5973D8B8-BD7A-4CF3-8499-047C9321C7FF}.Release|Any CPU.Build.0 = Release|Any CPU
		{7C6BD02C-8DF9-4BE1-9F78-2F2288B7DD0E}.Debug|Any CPU.ActiveCfg = Debug|Any CPU
		{7C6BD02C-8DF9-4BE1-9F78-2F2288B7DD0E}.Debug|Any CPU.Build.0 = Debug|Any CPU
		{7C6BD02C-8DF9-4BE1-9F78-2F2288B7DD0E}.Release|Any CPU.ActiveCfg = Release|Any CPU
		{7C6BD02C-8DF9-4BE1-9F78-2F2288B7DD0E}.Release|Any CPU.Build.0 = Release|Any CPU
		{DAAB39D7-1D14-4038-A4E8-16F2BD14FCAE}.Debug|Any CPU.ActiveCfg = Debug|Any CPU
		{DAAB39D7-1D14-4038-A4E8-16F2BD14FCAE}.Debug|Any CPU.Build.0 = Debug|Any CPU
		{DAAB39D7-1D14-4038-A4E8-16F2BD14FCAE}.Release|Any CPU.ActiveCfg = Release|Any CPU
		{DAAB39D7-1D14-4038-A4E8-16F2BD14FCAE}.Release|Any CPU.Build.0 = Release|Any CPU
		{28EA6BFB-D9B3-4867-BB9F-518EC8819351}.Debug|Any CPU.ActiveCfg = Debug|Any CPU
		{28EA6BFB-D9B3-4867-BB9F-518EC8819351}.Debug|Any CPU.Build.0 = Debug|Any CPU
		{28EA6BFB-D9B3-4867-BB9F-518EC8819351}.Release|Any CPU.ActiveCfg = Release|Any CPU
		{28EA6BFB-D9B3-4867-BB9F-518EC8819351}.Release|Any CPU.Build.0 = Release|Any CPU
		{24BCCEE8-9E17-4EC2-8404-763459187BA1}.Debug|Any CPU.ActiveCfg = Debug|Any CPU
		{24BCCEE8-9E17-4EC2-8404-763459187BA1}.Debug|Any CPU.Build.0 = Debug|Any CPU
		{24BCCEE8-9E17-4EC2-8404-763459187BA1}.Release|Any CPU.ActiveCfg = Release|Any CPU
		{24BCCEE8-9E17-4EC2-8404-763459187BA1}.Release|Any CPU.Build.0 = Release|Any CPU
	EndGlobalSection
	GlobalSection(SolutionProperties) = preSolution
		HideSolutionNode = FALSE
	EndGlobalSection
	GlobalSection(ExtensibilityGlobals) = postSolution
		SolutionGuid = {249AB818-3D2E-4F5A-A555-42F55C376A4C}
	EndGlobalSection
EndGlobal
