
Microsoft Visual Studio Solution File, Format Version 12.00
# Visual Studio Version 16
VisualStudioVersion = 16.0.31729.503
MinimumVisualStudioVersion = 10.0.40219.1
Project("{9A19103F-16F7-4668-BE54-9A1E7A4F7556}") = "BibliotecaClases", "Ubu_Secrets\BibliotecaClases.csproj", "{3DC8CF07-AE95-4C7D-8B9F-6D2D1374F654}"
EndProject
Project("{9A19103F-16F7-4668-BE54-9A1E7A4F7556}") = "Data", "Data\Data.csproj", "{76F52D35-BC8B-43CC-BC63-758FF6178659}"
EndProject
Project("{9A19103F-16F7-4668-BE54-9A1E7A4F7556}") = "Interfaces", "Interfaces\Interfaces.csproj", "{D03CECBD-707B-481E-AFA0-A5FB5350EB4D}"
EndProject
Project("{9A19103F-16F7-4668-BE54-9A1E7A4F7556}") = "BibliotecaClasesTests", "BibliotecaClasesTests\BibliotecaClasesTests.csproj", "{F403B1F9-E081-4155-8E75-14DA3E0A1D61}"
EndProject
Project("{9A19103F-16F7-4668-BE54-9A1E7A4F7556}") = "DataTests", "DataTests\DataTests.csproj", "{587B315D-CBD1-4FB0-A3CB-121E4D9FDD95}"
EndProject
Project("{FAE04EC0-301F-11D3-BF4B-00C04F79EFBC}") = "www", "www\www.csproj", "{7F5E1A4E-1A02-447D-B5C5-15D1EC0A62A8}"
EndProject
Global
	GlobalSection(SolutionConfigurationPlatforms) = preSolution
		Debug|Any CPU = Debug|Any CPU
		Release|Any CPU = Release|Any CPU
	EndGlobalSection
	GlobalSection(ProjectConfigurationPlatforms) = postSolution
		{3DC8CF07-AE95-4C7D-8B9F-6D2D1374F654}.Debug|Any CPU.ActiveCfg = Debug|Any CPU
		{3DC8CF07-AE95-4C7D-8B9F-6D2D1374F654}.Debug|Any CPU.Build.0 = Debug|Any CPU
		{3DC8CF07-AE95-4C7D-8B9F-6D2D1374F654}.Release|Any CPU.ActiveCfg = Release|Any CPU
		{3DC8CF07-AE95-4C7D-8B9F-6D2D1374F654}.Release|Any CPU.Build.0 = Release|Any CPU
		{76F52D35-BC8B-43CC-BC63-758FF6178659}.Debug|Any CPU.ActiveCfg = Debug|Any CPU
		{76F52D35-BC8B-43CC-BC63-758FF6178659}.Debug|Any CPU.Build.0 = Debug|Any CPU
		{76F52D35-BC8B-43CC-BC63-758FF6178659}.Release|Any CPU.ActiveCfg = Release|Any CPU
		{76F52D35-BC8B-43CC-BC63-758FF6178659}.Release|Any CPU.Build.0 = Release|Any CPU
		{D03CECBD-707B-481E-AFA0-A5FB5350EB4D}.Debug|Any CPU.ActiveCfg = Debug|Any CPU
		{D03CECBD-707B-481E-AFA0-A5FB5350EB4D}.Debug|Any CPU.Build.0 = Debug|Any CPU
		{D03CECBD-707B-481E-AFA0-A5FB5350EB4D}.Release|Any CPU.ActiveCfg = Release|Any CPU
		{D03CECBD-707B-481E-AFA0-A5FB5350EB4D}.Release|Any CPU.Build.0 = Release|Any CPU
		{F403B1F9-E081-4155-8E75-14DA3E0A1D61}.Debug|Any CPU.ActiveCfg = Debug|Any CPU
		{F403B1F9-E081-4155-8E75-14DA3E0A1D61}.Debug|Any CPU.Build.0 = Debug|Any CPU
		{F403B1F9-E081-4155-8E75-14DA3E0A1D61}.Release|Any CPU.ActiveCfg = Release|Any CPU
		{F403B1F9-E081-4155-8E75-14DA3E0A1D61}.Release|Any CPU.Build.0 = Release|Any CPU
		{587B315D-CBD1-4FB0-A3CB-121E4D9FDD95}.Debug|Any CPU.ActiveCfg = Debug|Any CPU
		{587B315D-CBD1-4FB0-A3CB-121E4D9FDD95}.Debug|Any CPU.Build.0 = Debug|Any CPU
		{587B315D-CBD1-4FB0-A3CB-121E4D9FDD95}.Release|Any CPU.ActiveCfg = Release|Any CPU
		{587B315D-CBD1-4FB0-A3CB-121E4D9FDD95}.Release|Any CPU.Build.0 = Release|Any CPU
		{7F5E1A4E-1A02-447D-B5C5-15D1EC0A62A8}.Debug|Any CPU.ActiveCfg = Debug|Any CPU
		{7F5E1A4E-1A02-447D-B5C5-15D1EC0A62A8}.Debug|Any CPU.Build.0 = Debug|Any CPU
		{7F5E1A4E-1A02-447D-B5C5-15D1EC0A62A8}.Release|Any CPU.ActiveCfg = Release|Any CPU
		{7F5E1A4E-1A02-447D-B5C5-15D1EC0A62A8}.Release|Any CPU.Build.0 = Release|Any CPU
	EndGlobalSection
	GlobalSection(SolutionProperties) = preSolution
		HideSolutionNode = FALSE
	EndGlobalSection
	GlobalSection(ExtensibilityGlobals) = postSolution
		SolutionGuid = {249AB818-3D2E-4F5A-A555-42F55C376A4C}
	EndGlobalSection
EndGlobal
